
Microsoft Visual Studio Solution File, Format Version 12.00
# Visual Studio 15
VisualStudioVersion = 15.0.27130.2027
MinimumVisualStudioVersion = 10.0.40219.1
Project("{FAE04EC0-301F-11D3-BF4B-00C04F79EFBC}") = "UsWebServices", "UsWebServices\UsWebServices.csproj", "{2CE663BF-2F10-40A5-B1DB-0B8E135AFAC3}"
EndProject
Global
	GlobalSection(SolutionConfigurationPlatforms) = preSolution
		Debug|Any CPU = Debug|Any CPU
		Release|Any CPU = Release|Any CPU
	EndGlobalSection
	GlobalSection(ProjectConfigurationPlatforms) = postSolution
		{2CE663BF-2F10-40A5-B1DB-0B8E135AFAC3}.Debug|Any CPU.ActiveCfg = Debug|Any CPU
		{2CE663BF-2F10-40A5-B1DB-0B8E135AFAC3}.Debug|Any CPU.Build.0 = Debug|Any CPU
		{2CE663BF-2F10-40A5-B1DB-0B8E135AFAC3}.Release|Any CPU.ActiveCfg = Release|Any CPU
		{2CE663BF-2F10-40A5-B1DB-0B8E135AFAC3}.Release|Any CPU.Build.0 = Release|Any CPU
	EndGlobalSection
	GlobalSection(SolutionProperties) = preSolution
		HideSolutionNode = FALSE
	EndGlobalSection
	GlobalSection(ExtensibilityGlobals) = postSolution
		SolutionGuid = {2C7629A2-AF6E-4BCE-8CC4-81FC7191AEAE}
	EndGlobalSection
EndGlobal
